
Microsoft Visual Studio Solution File, Format Version 12.00
# Visual Studio Version 16
VisualStudioVersion = 16.0.33920.266
MinimumVisualStudioVersion = 10.0.40219.1
Project("{FAE04EC0-301F-11D3-BF4B-00C04F79EFBC}") = "UI", "UI\UI.csproj", "{4ABAC77B-6772-49E0-A11B-168034DC6FFC}"
EndProject
Global
	GlobalSection(SolutionConfigurationPlatforms) = preSolution
		Debug|Any CPU = Debug|Any CPU
		Release|Any CPU = Release|Any CPU
	EndGlobalSection
	GlobalSection(ProjectConfigurationPlatforms) = postSolution
		{4ABAC77B-6772-49E0-A11B-168034DC6FFC}.Debug|Any CPU.ActiveCfg = Debug|Any CPU
		{4ABAC77B-6772-49E0-A11B-168034DC6FFC}.Debug|Any CPU.Build.0 = Debug|Any CPU
		{4ABAC77B-6772-49E0-A11B-168034DC6FFC}.Release|Any CPU.ActiveCfg = Release|Any CPU
		{4ABAC77B-6772-49E0-A11B-168034DC6FFC}.Release|Any CPU.Build.0 = Release|Any CPU
	EndGlobalSection
	GlobalSection(SolutionProperties) = preSolution
		HideSolutionNode = FALSE
	EndGlobalSection
	GlobalSection(ExtensibilityGlobals) = postSolution
		SolutionGuid = {14008237-009A-4869-9414-C3160B6FD53C}
	EndGlobalSection
EndGlobal
